
Microsoft Visual Studio Solution File, Format Version 12.00
# Visual Studio 15
VisualStudioVersion = 15.0.28307.421
MinimumVisualStudioVersion = 10.0.40219.1
Project("{FAE04EC0-301F-11D3-BF4B-00C04F79EFBC}") = "Ejercicio1", "DI_1ªEva\Ejercicio1.csproj", "{71AF5223-D0A9-4E78-98E2-DD7213ECEE17}"
EndProject
Project("{FAE04EC0-301F-11D3-BF4B-00C04F79EFBC}") = "Ejercicio2", "Ejercicio2\Ejercicio2.csproj", "{99ADB314-E5D5-4DD0-86A8-367EF3992ECD}"
EndProject
Global
	GlobalSection(SolutionConfigurationPlatforms) = preSolution
		Debug|Any CPU = Debug|Any CPU
		Release|Any CPU = Release|Any CPU
	EndGlobalSection
	GlobalSection(ProjectConfigurationPlatforms) = postSolution
		{71AF5223-D0A9-4E78-98E2-DD7213ECEE17}.Debug|Any CPU.ActiveCfg = Debug|Any CPU
		{71AF5223-D0A9-4E78-98E2-DD7213ECEE17}.Debug|Any CPU.Build.0 = Debug|Any CPU
		{71AF5223-D0A9-4E78-98E2-DD7213ECEE17}.Release|Any CPU.ActiveCfg = Release|Any CPU
		{71AF5223-D0A9-4E78-98E2-DD7213ECEE17}.Release|Any CPU.Build.0 = Release|Any CPU
		{99ADB314-E5D5-4DD0-86A8-367EF3992ECD}.Debug|Any CPU.ActiveCfg = Debug|Any CPU
		{99ADB314-E5D5-4DD0-86A8-367EF3992ECD}.Debug|Any CPU.Build.0 = Debug|Any CPU
		{99ADB314-E5D5-4DD0-86A8-367EF3992ECD}.Release|Any CPU.ActiveCfg = Release|Any CPU
		{99ADB314-E5D5-4DD0-86A8-367EF3992ECD}.Release|Any CPU.Build.0 = Release|Any CPU
	EndGlobalSection
	GlobalSection(SolutionProperties) = preSolution
		HideSolutionNode = FALSE
	EndGlobalSection
	GlobalSection(ExtensibilityGlobals) = postSolution
		SolutionGuid = {946D1FE5-3796-4E1B-94C3-5389ED27E6C0}
	EndGlobalSection
EndGlobal
